
Microsoft Visual Studio Solution File, Format Version 12.00
# Visual Studio Version 16
VisualStudioVersion = 16.0.31515.178
MinimumVisualStudioVersion = 10.0.40219.1
Project("{8BC9CEB8-8B4A-11D0-8D11-00A0C91BC942}") = "OpenGL", "OpenGL\OpenGL.vcxproj", "{198785CF-80C9-48F3-80BB-1F7B5997A71D}"
EndProject
Global
	GlobalSection(SolutionConfigurationPlatforms) = preSolution
		Debug|x64 = Debug|x64
		Debug|x86 = Debug|x86
		Release|x64 = Release|x64
		Release|x86 = Release|x86
	EndGlobalSection
	GlobalSection(ProjectConfigurationPlatforms) = postSolution
		{198785CF-80C9-48F3-80BB-1F7B5997A71D}.Debug|x64.ActiveCfg = Debug|x64
		{198785CF-80C9-48F3-80BB-1F7B5997A71D}.Debug|x64.Build.0 = Debug|x64
		{198785CF-80C9-48F3-80BB-1F7B5997A71D}.Debug|x86.ActiveCfg = Debug|Win32
		{198785CF-80C9-48F3-80BB-1F7B5997A71D}.Debug|x86.Build.0 = Debug|Win32
		{198785CF-80C9-48F3-80BB-1F7B5997A71D}.Release|x64.ActiveCfg = Release|x64
		{198785CF-80C9-48F3-80BB-1F7B5997A71D}.Release|x64.Build.0 = Release|x64
		{198785CF-80C9-48F3-80BB-1F7B5997A71D}.Release|x86.ActiveCfg = Release|Win32
		{198785CF-80C9-48F3-80BB-1F7B5997A71D}.Release|x86.Build.0 = Release|Win32
	EndGlobalSection
	GlobalSection(SolutionProperties) = preSolution
		HideSolutionNode = FALSE
	EndGlobalSection
	GlobalSection(ExtensibilityGlobals) = postSolution
		SolutionGuid = {0CCD1677-2B60-4062-9217-AB330D70915F}
	EndGlobalSection
EndGlobal
